PODS:
  - AFNetworking (3.1.0):
    - AFNetworking/NSURLSession (= 3.1.0)
    - AFNetworking/Reachability (= 3.1.0)
    - AFNetworking/Security (= 3.1.0)
    - AFNetworking/Serialization (= 3.1.0)
    - AFNetworking/UIKit (= 3.1.0)
  - AFNetworking/NSURLSession (3.1.0):
    - AFNetworking/Reachability
    - AFNetworking/Security
    - AFNetworking/Serialization
  - AFNetworking/Reachability (3.1.0)
  - AFNetworking/Security (3.1.0)
  - AFNetworking/Serialization (3.1.0)
  - AFNetworking/UIKit (3.1.0):
    - AFNetworking/NSURLSession
  - BlocksKit (2.2.5):
    - BlocksKit/All (= 2.2.5)
  - BlocksKit/All (2.2.5):
    - BlocksKit/Core
    - BlocksKit/DynamicDelegate
    - BlocksKit/MessageUI
    - BlocksKit/UIKit
  - BlocksKit/Core (2.2.5)
  - BlocksKit/DynamicDelegate (2.2.5)
  - BlocksKit/MessageUI (2.2.5):
    - BlocksKit/Core
    - BlocksKit/DynamicDelegate
  - BlocksKit/UIKit (2.2.5):
    - BlocksKit/Core
    - BlocksKit/DynamicDelegate
  - DACircularProgress (2.3.1)
  - DateTools (1.7.0)
  - DKNightVersion (2.3.0):
    - DKNightVersion/Core (= 2.3.0)
    - DKNightVersion/CoreAnimation (= 2.3.0)
    - DKNightVersion/UIKit (= 2.3.0)
  - DKNightVersion/Core (2.3.0):
    - DKNightVersion/Core/DeallocBlockExecutor (= 2.3.0)
    - DKNightVersion/Core/extobjc (= 2.3.0)
  - DKNightVersion/Core/DeallocBlockExecutor (2.3.0)
  - DKNightVersion/Core/extobjc (2.3.0)
  - DKNightVersion/CoreAnimation (2.3.0):
    - DKNightVersion/Core
  - DKNightVersion/UIKit (2.3.0):
    - DKNightVersion/Core
  - FMDB (2.6.2):
    - FMDB/standard (= 2.6.2)
  - FMDB/standard (2.6.2)
  - ionicons (2.0.3)
  - JMActionSheetDescription (0.4.8)
  - Masonry (1.0.0)
  - MBProgressHUD (0.9.2)
  - MJExtension (3.0.10)
  - MJRefresh (3.1.0)
  - MWPhotoBrowser (2.1.2):
    - DACircularProgress (~> 2.3)
    - MBProgressHUD (~> 0.9)
    - SDWebImage (!= 3.7.2, ~> 3.7)
  - ReactiveCocoa (2.5):
    - ReactiveCocoa/UI (= 2.5)
  - ReactiveCocoa/Core (2.5):
    - ReactiveCocoa/no-arc
  - ReactiveCocoa/no-arc (2.5)
  - ReactiveCocoa/UI (2.5):
    - ReactiveCocoa/Core
  - SDWebImage (3.7.6):
    - SDWebImage/Core (= 3.7.6)
  - SDWebImage/Core (3.7.6)
  - SMSSDK (2.0.4)
  - SVProgressHUD (2.0.3)
  - WMPageController (1.4.9)
  - ZYKeyboardUtil (0.6.1)

DEPENDENCIES:
  - AFNetworking (~> 3.0)
  - BlocksKit
  - DateTools
  - DKNightVersion
  - FMDB
  - ionicons
  - JMActionSheetDescription
  - Masonry
  - MBProgressHUD
  - MJExtension
  - MJRefresh
  - MWPhotoBrowser
  - ReactiveCocoa (~> 2.5)
  - SMSSDK
  - SVProgressHUD
  - WMPageController
  - ZYKeyboardUtil (~> 0.6.1)

SPEC CHECKSUMS:
  AFNetworking: 5e0e199f73d8626b11e79750991f5d173d1f8b67
  BlocksKit: 7f422b971407001178d181a43b99014ea2591fe6
  DACircularProgress: 4dd437c0fc3da5161cb289e07ac449493d41db71
  DateTools: 53288ee8b905fdc75897a1e6b5cc0144b14cba60
  DKNightVersion: 459438cbfd14edb9e41a777ff14b18e5661b9269
  FMDB: 854a0341b4726e53276f2a8996f06f1b80f9259a
  ionicons: ec1e86e6c3316bd9942a7f024080dd75c70dd6a5
  JMActionSheetDescription: 3cc02ba1a5b8248b03ea9e125e5c7472c584205c
  Masonry: b529bb169217897b6354d4b56b1fada6d475b13d
  MBProgressHUD: 1569cf7ace17a8bac47aabfbb8580a49690386d1
  MJExtension: d86aacb740c87519d20e3cca55b6fa4be6cc7548
  MJRefresh: 743e6404967d1c2c688472ea3ecfde247d872db4
  MWPhotoBrowser: 5836d7aa041dc05a13de380c246826578adc5ea5
  ReactiveCocoa: e2db045570aa97c695e7aa97c2bcab222ae51f4a
  SDWebImage: c325cf02c30337336b95beff20a13df489ec0ec9
  SMSSDK: 642b6a8c55fd382be44487cd5e0b0710681895f9
  SVProgressHUD: b0830714205bea1317ea1a2ebc71e5633af334d4
  WMPageController: f4830b6aed39f16196d4008f8d95c720cf6b1ace
  ZYKeyboardUtil: 2d613031e0639d17cd198cc24c46be2af1a55713

COCOAPODS: 0.39.0
